
Microsoft Visual Studio Solution File, Format Version 12.00
# Visual Studio Version 17
VisualStudioVersion = 17.13.35931.197 d17.13
MinimumVisualStudioVersion = 10.0.40219.1
Project("{FAE04EC0-301F-11D3-BF4B-00C04F79EFBC}") = "gfchatbot", "gfchatbot\gfchatbot.csproj", "{0392D79D-BE47-400B-86CA-3A024366C8B4}"
EndProject
Global
	GlobalSection(SolutionConfigurationPlatforms) = preSolution
		Debug|Any CPU = Debug|Any CPU
		Release|Any CPU = Release|Any CPU
	EndGlobalSection
	GlobalSection(ProjectConfigurationPlatforms) = postSolution
		{0392D79D-BE47-400B-86CA-3A024366C8B4}.Debug|Any CPU.ActiveCfg = Debug|Any CPU
		{0392D79D-BE47-400B-86CA-3A024366C8B4}.Debug|Any CPU.Build.0 = Debug|Any CPU
		{0392D79D-BE47-400B-86CA-3A024366C8B4}.Release|Any CPU.ActiveCfg = Release|Any CPU
		{0392D79D-BE47-400B-86CA-3A024366C8B4}.Release|Any CPU.Build.0 = Release|Any CPU
	EndGlobalSection
	GlobalSection(SolutionProperties) = preSolution
		HideSolutionNode = FALSE
	EndGlobalSection
	GlobalSection(ExtensibilityGlobals) = postSolution
		SolutionGuid = {C5F056F3-F9FB-4EB3-B59C-7BC0ECF33A2D}
	EndGlobalSection
EndGlobal
